// !$*UTF8*$!
{
	archiveVersion = 1;
	classes = {
	};
	objectVersion = 51;
	objects = {

/* Begin PBXBuildFile section */
		640A648B245A0F6400463A3F /* AppByIDService.swift in Sources */ = {isa = PBXBuildFile; fileRef = 640A648A245A0F6400463A3F /* AppByIDService.swift */; };
		640A648F245A23E900463A3F /* AppCommentModel.swift in Sources */ = {isa = PBXBuildFile; fileRef = 640A648E245A23E900463A3F /* AppCommentModel.swift */; };
		640AA6562454B58C006885EC /* TodayViewController.swift in Sources */ = {isa = PBXBuildFile; fileRef = 640AA6552454B58C006885EC /* TodayViewController.swift */; };
		640AA6582454C2DB006885EC /* AppsDetail.swift in Sources */ = {isa = PBXBuildFile; fileRef = 640AA6572454C2DB006885EC /* AppsDetail.swift */; };
		640AA65A2454CA4B006885EC /* AppsDetailHeader.swift in Sources */ = {isa = PBXBuildFile; fileRef = 640AA6592454CA4B006885EC /* AppsDetailHeader.swift */; };
		640E03C5244FADCF0049BA25 /* AppsGroup.swift in Sources */ = {isa = PBXBuildFile; fileRef = 640E03C4244FADCF0049BA25 /* AppsGroup.swift */; };
		6424EA772449F493006AFB5F /* AppsViewController.swift in Sources */ = {isa = PBXBuildFile; fileRef = 6424EA762449F493006AFB5F /* AppsViewController.swift */; };
		643A950B245255850073D122 /* AppsGroupService.swift in Sources */ = {isa = PBXBuildFile; fileRef = 643A950A245255850073D122 /* AppsGroupService.swift */; };
		6451090D2451A1DB007F8C8D /* AppGroupsViewController.swift in Sources */ = {isa = PBXBuildFile; fileRef = 6451090C2451A1DB007F8C8D /* AppGroupsViewController.swift */; };
		6451090F2451A6CD007F8C8D /* AppsGroupEachCell.swift in Sources */ = {isa = PBXBuildFile; fileRef = 6451090E2451A6CD007F8C8D /* AppsGroupEachCell.swift */; };
		6452C5F0213FEA1B64066C9F /* Pods_AppStoreClone.framework in Frameworks */ = {isa = PBXBuildFile; fileRef = 67A3FD9615D746B52DEDF275 /* Pods_AppStoreClone.framework */; };
		646479B5244FABF000515EAB /* AppsGroupCell.swift in Sources */ = {isa = PBXBuildFile; fileRef = 646479B4244FABF000515EAB /* AppsGroupCell.swift */; };
		6468B87C244E0A2700DBA875 /* HeaderCollection.swift in Sources */ = {isa = PBXBuildFile; fileRef = 6468B87B244E0A2700DBA875 /* HeaderCollection.swift */; };
		647BB22C2447CA3200685348 /* UIGetButton.swift in Sources */ = {isa = PBXBuildFile; fileRef = 647BB22B2447CA3200685348 /* UIGetButton.swift */; };
		647BB22E2447CA9B00685348 /* UIColor.swift in Sources */ = {isa = PBXBuildFile; fileRef = 647BB22D2447CA9B00685348 /* UIColor.swift */; };
		647EE03D244E2EDA004D2A37 /* AppHeaderCell.swift in Sources */ = {isa = PBXBuildFile; fileRef = 647EE03C244E2ED9004D2A37 /* AppHeaderCell.swift */; };
		6483FB982448FAFB00D3D374 /* SearchService.swift in Sources */ = {isa = PBXBuildFile; fileRef = 6483FB972448FAFB00D3D374 /* SearchService.swift */; };
		6483FB9A2449169F00D3D374 /* AppModel.swift in Sources */ = {isa = PBXBuildFile; fileRef = 6483FB992449169F00D3D374 /* AppModel.swift */; };
		64C52E5F2458BB810002935D /* AppCommentCell.swift in Sources */ = {isa = PBXBuildFile; fileRef = 64C52E5E2458BB810002935D /* AppCommentCell.swift */; };
		64C52E612458C9830002935D /* CommentCell.swift in Sources */ = {isa = PBXBuildFile; fileRef = 64C52E602458C9830002935D /* CommentCell.swift */; };
		64C52E642458EECF0002935D /* AppDetailDelegate.swift in Sources */ = {isa = PBXBuildFile; fileRef = 64C52E632458EECF0002935D /* AppDetailDelegate.swift */; };
		64C5536B244795A100DA89FA /* AppDelegate.swift in Sources */ = {isa = PBXBuildFile; fileRef = 64C5536A244795A100DA89FA /* AppDelegate.swift */; };
		64C5536D244795A100DA89FA /* SceneDelegate.swift in Sources */ = {isa = PBXBuildFile; fileRef = 64C5536C244795A100DA89FA /* SceneDelegate.swift */; };
		64C55372244795A100DA89FA /* Main.storyboard in Resources */ = {isa = PBXBuildFile; fileRef = 64C55370244795A100DA89FA /* Main.storyboard */; };
		64C55374244795A500DA89FA /* Assets.xcassets in Resources */ = {isa = PBXBuildFile; fileRef = 64C55373244795A500DA89FA /* Assets.xcassets */; };
		64C55377244795A500DA89FA /* LaunchScreen.storyboard in Resources */ = {isa = PBXBuildFile; fileRef = 64C55375244795A500DA89FA /* LaunchScreen.storyboard */; };
		64C55382244795A500DA89FA /* AppStoreCloneTests.swift in Sources */ = {isa = PBXBuildFile; fileRef = 64C55381244795A500DA89FA /* AppStoreCloneTests.swift */; };
		64C5538D244795A500DA89FA /* AppStoreCloneUITests.swift in Sources */ = {isa = PBXBuildFile; fileRef = 64C5538C244795A500DA89FA /* AppStoreCloneUITests.swift */; };
		64C5539C244795DD00DA89FA /* BaseTabBarViewController.swift in Sources */ = {isa = PBXBuildFile; fileRef = 64C5539B244795DD00DA89FA /* BaseTabBarViewController.swift */; };
		64C553A024479B4500DA89FA /* SearchViewController.swift in Sources */ = {isa = PBXBuildFile; fileRef = 64C5539F24479B4500DA89FA /* SearchViewController.swift */; };
		64EE7DB6245774690090CC2A /* AppsDescriiptionCell.swift in Sources */ = {isa = PBXBuildFile; fileRef = 64EE7DB5245774690090CC2A /* AppsDescriiptionCell.swift */; };
		64EE7DB824577E5B0090CC2A /* AppsDetailScreenshotViewController.swift in Sources */ = {isa = PBXBuildFile; fileRef = 64EE7DB724577E5B0090CC2A /* AppsDetailScreenshotViewController.swift */; };
		64EE7DBA24577FD40090CC2A /* AppsDetailScreenshotCell.swift in Sources */ = {isa = PBXBuildFile; fileRef = 64EE7DB924577FD40090CC2A /* AppsDetailScreenshotCell.swift */; };
		64F879CA244F58790042BD25 /* FeaturedApps.swift in Sources */ = {isa = PBXBuildFile; fileRef = 64F879C9244F58790042BD25 /* FeaturedApps.swift */; };
		64F879CC244F59750042BD25 /* FeaturedAppsModel.swift in Sources */ = {isa = PBXBuildFile; fileRef = 64F879CB244F59750042BD25 /* FeaturedAppsModel.swift */; };
		64FD119D2447A02F002C4E02 /* UIView.swift in Sources */ = {isa = PBXBuildFile; fileRef = 64FD119C2447A02F002C4E02 /* UIView.swift */; };
		64FD119F2447A05B002C4E02 /* UIImageView.swift in Sources */ = {isa = PBXBuildFile; fileRef = 64FD119E2447A05B002C4E02 /* UIImageView.swift */; };
		64FD11A22447A2B9002C4E02 /* SearchCell.swift in Sources */ = {isa = PBXBuildFile; fileRef = 64FD11A12447A2B9002C4E02 /* SearchCell.swift */; };
		64FD11A42447A46C002C4E02 /* UILabel.swift in Sources */ = {isa = PBXBuildFile; fileRef = 64FD11A32447A46C002C4E02 /* UILabel.swift */; };
		D53BEE036AAC54D17EA6EAF6 /* Pods_AppStoreClone_AppStoreCloneUITests.framework in Frameworks */ = {isa = PBXBuildFile; fileRef = 8A7D411593F038AD82F91E35 /* Pods_AppStoreClone_AppStoreCloneUITests.framework */; };
		FE82F9BBA5442FABCD079D83 /* Pods_AppStoreCloneTests.framework in Frameworks */ = {isa = PBXBuildFile; fileRef = 6BCC6A28497E165CB129520F /* Pods_AppStoreCloneTests.framework */; };
/* End PBXBuildFile section */

/* Begin PBXContainerItemProxy section */
		64C5537E244795A500DA89FA /* PBXContainerItemProxy */ = {
			isa = PBXContainerItemProxy;
			containerPortal = 64C5535F244795A100DA89FA /* Project object */;
			proxyType = 1;
			remoteGlobalIDString = 64C55366244795A100DA89FA;
			remoteInfo = AppStoreClone;
		};
		64C55389244795A500DA89FA /* PBXContainerItemProxy */ = {
			isa = PBXContainerItemProxy;
			containerPortal = 64C5535F244795A100DA89FA /* Project object */;
			proxyType = 1;
			remoteGlobalIDString = 64C55366244795A100DA89FA;
			remoteInfo = AppStoreClone;
		};
/* End PBXContainerItemProxy section */

/* Begin PBXFileReference section */
		4E3D76BA953D077B2F77E777 /* Pods-AppStoreClone-AppStoreCloneUITests.debug.xcconfig */ = {isa = PBXFileReference; includeInIndex = 1; lastKnownFileType = text.xcconfig; name = "Pods-AppStoreClone-AppStoreCloneUITests.debug.xcconfig"; path = "Target Support Files/Pods-AppStoreClone-AppStoreCloneUITests/Pods-AppStoreClone-AppStoreCloneUITests.debug.xcconfig"; sourceTree = "<group>"; };
		640A648A245A0F6400463A3F /* AppByIDService.swift */ = {isa = PBXFileReference; lastKnownFileType = sourcecode.swift; path = AppByIDService.swift; sourceTree = "<group>"; };
		640A648E245A23E900463A3F /* AppCommentModel.swift */ = {isa = PBXFileReference; lastKnownFileType = sourcecode.swift; path = AppCommentModel.swift; sourceTree = "<group>"; };
		640AA6552454B58C006885EC /* TodayViewController.swift */ = {isa = PBXFileReference; lastKnownFileType = sourcecode.swift; path = TodayViewController.swift; sourceTree = "<group>"; };
		640AA6572454C2DB006885EC /* AppsDetail.swift */ = {isa = PBXFileReference; lastKnownFileType = sourcecode.swift; path = AppsDetail.swift; sourceTree = "<group>"; };
		640AA6592454CA4B006885EC /* AppsDetailHeader.swift */ = {isa = PBXFileReference; lastKnownFileType = sourcecode.swift; path = AppsDetailHeader.swift; sourceTree = "<group>"; };
		640E03C4244FADCF0049BA25 /* AppsGroup.swift */ = {isa = PBXFileReference; lastKnownFileType = sourcecode.swift; path = AppsGroup.swift; sourceTree = "<group>"; };
		6424EA762449F493006AFB5F /* AppsViewController.swift */ = {isa = PBXFileReference; lastKnownFileType = sourcecode.swift; path = AppsViewController.swift; sourceTree = "<group>"; };
		643A950A245255850073D122 /* AppsGroupService.swift */ = {isa = PBXFileReference; lastKnownFileType = sourcecode.swift; path = AppsGroupService.swift; sourceTree = "<group>"; };
		6451090C2451A1DB007F8C8D /* AppGroupsViewController.swift */ = {isa = PBXFileReference; lastKnownFileType = sourcecode.swift; path = AppGroupsViewController.swift; sourceTree = "<group>"; };
		6451090E2451A6CD007F8C8D /* AppsGroupEachCell.swift */ = {isa = PBXFileReference; lastKnownFileType = sourcecode.swift; path = AppsGroupEachCell.swift; sourceTree = "<group>"; };
		646479B4244FABF000515EAB /* AppsGroupCell.swift */ = {isa = PBXFileReference; lastKnownFileType = sourcecode.swift; path = AppsGroupCell.swift; sourceTree = "<group>"; };
		6468B87B244E0A2700DBA875 /* HeaderCollection.swift */ = {isa = PBXFileReference; lastKnownFileType = sourcecode.swift; path = HeaderCollection.swift; sourceTree = "<group>"; };
		647BB22B2447CA3200685348 /* UIGetButton.swift */ = {isa = PBXFileReference; lastKnownFileType = sourcecode.swift; path = UIGetButton.swift; sourceTree = "<group>"; };
		647BB22D2447CA9B00685348 /* UIColor.swift */ = {isa = PBXFileReference; lastKnownFileType = sourcecode.swift; path = UIColor.swift; sourceTree = "<group>"; };
		647EE03C244E2ED9004D2A37 /* AppHeaderCell.swift */ = {isa = PBXFileReference; lastKnownFileType = sourcecode.swift; path = AppHeaderCell.swift; sourceTree = "<group>"; };
		6483FB972448FAFB00D3D374 /* SearchService.swift */ = {isa = PBXFileReference; lastKnownFileType = sourcecode.swift; path = SearchService.swift; sourceTree = "<group>"; };
		6483FB992449169F00D3D374 /* AppModel.swift */ = {isa = PBXFileReference; lastKnownFileType = sourcecode.swift; path = AppModel.swift; sourceTree = "<group>"; };
		64C52E5E2458BB810002935D /* AppCommentCell.swift */ = {isa = PBXFileReference; lastKnownFileType = sourcecode.swift; path = AppCommentCell.swift; sourceTree = "<group>"; };
		64C52E602458C9830002935D /* CommentCell.swift */ = {isa = PBXFileReference; lastKnownFileType = sourcecode.swift; path = CommentCell.swift; sourceTree = "<group>"; };
		64C52E632458EECF0002935D /* AppDetailDelegate.swift */ = {isa = PBXFileReference; lastKnownFileType = sourcecode.swift; path = AppDetailDelegate.swift; sourceTree = "<group>"; };
		64C55367244795A100DA89FA /* AppStoreClone.app */ = {isa = PBXFileReference; explicitFileType = wrapper.application; includeInIndex = 0; path = AppStoreClone.app; sourceTree = BUILT_PRODUCTS_DIR; };
		64C5536A244795A100DA89FA /* AppDelegate.swift */ = {isa = PBXFileReference; lastKnownFileType = sourcecode.swift; path = AppDelegate.swift; sourceTree = "<group>"; };
		64C5536C244795A100DA89FA /* SceneDelegate.swift */ = {isa = PBXFileReference; lastKnownFileType = sourcecode.swift; path = SceneDelegate.swift; sourceTree = "<group>"; };
		64C55371244795A100DA89FA /* Base */ = {isa = PBXFileReference; lastKnownFileType = file.storyboard; name = Base; path = Base.lproj/Main.storyboard; sourceTree = "<group>"; };
		64C55373244795A500DA89FA /* Assets.xcassets */ = {isa = PBXFileReference; lastKnownFileType = folder.assetcatalog; path = Assets.xcassets; sourceTree = "<group>"; };
		64C55376244795A500DA89FA /* Base */ = {isa = PBXFileReference; lastKnownFileType = file.storyboard; name = Base; path = Base.lproj/LaunchScreen.storyboard; sourceTree = "<group>"; };
		64C55378244795A500DA89FA /* Info.plist */ = {isa = PBXFileReference; lastKnownFileType = text.plist.xml; path = Info.plist; sourceTree = "<group>"; };
		64C5537D244795A500DA89FA /* AppStoreCloneTests.xctest */ = {isa = PBXFileReference; explicitFileType = wrapper.cfbundle; includeInIndex = 0; path = AppStoreCloneTests.xctest; sourceTree = BUILT_PRODUCTS_DIR; };
		64C55381244795A500DA89FA /* AppStoreCloneTests.swift */ = {isa = PBXFileReference; lastKnownFileType = sourcecode.swift; path = AppStoreCloneTests.swift; sourceTree = "<group>"; };
		64C55383244795A500DA89FA /* Info.plist */ = {isa = PBXFileReference; lastKnownFileType = text.plist.xml; path = Info.plist; sourceTree = "<group>"; };
		64C55388244795A500DA89FA /* AppStoreCloneUITests.xctest */ = {isa = PBXFileReference; explicitFileType = wrapper.cfbundle; includeInIndex = 0; path = AppStoreCloneUITests.xctest; sourceTree = BUILT_PRODUCTS_DIR; };
		64C5538C244795A500DA89FA /* AppStoreCloneUITests.swift */ = {isa = PBXFileReference; lastKnownFileType = sourcecode.swift; path = AppStoreCloneUITests.swift; sourceTree = "<group>"; };
		64C5538E244795A500DA89FA /* Info.plist */ = {isa = PBXFileReference; lastKnownFileType = text.plist.xml; path = Info.plist; sourceTree = "<group>"; };
		64C5539B244795DD00DA89FA /* BaseTabBarViewController.swift */ = {isa = PBXFileReference; lastKnownFileType = sourcecode.swift; path = BaseTabBarViewController.swift; sourceTree = "<group>"; };
		64C5539F24479B4500DA89FA /* SearchViewController.swift */ = {isa = PBXFileReference; lastKnownFileType = sourcecode.swift; path = SearchViewController.swift; sourceTree = "<group>"; };
		64EE7DB5245774690090CC2A /* AppsDescriiptionCell.swift */ = {isa = PBXFileReference; lastKnownFileType = sourcecode.swift; path = AppsDescriiptionCell.swift; sourceTree = "<group>"; };
		64EE7DB724577E5B0090CC2A /* AppsDetailScreenshotViewController.swift */ = {isa = PBXFileReference; lastKnownFileType = sourcecode.swift; path = AppsDetailScreenshotViewController.swift; sourceTree = "<group>"; };
		64EE7DB924577FD40090CC2A /* AppsDetailScreenshotCell.swift */ = {isa = PBXFileReference; lastKnownFileType = sourcecode.swift; path = AppsDetailScreenshotCell.swift; sourceTree = "<group>"; };
		64F879C9244F58790042BD25 /* FeaturedApps.swift */ = {isa = PBXFileReference; lastKnownFileType = sourcecode.swift; path = FeaturedApps.swift; sourceTree = "<group>"; };
		64F879CB244F59750042BD25 /* FeaturedAppsModel.swift */ = {isa = PBXFileReference; lastKnownFileType = sourcecode.swift; path = FeaturedAppsModel.swift; sourceTree = "<group>"; };
		64FD119C2447A02F002C4E02 /* UIView.swift */ = {isa = PBXFileReference; lastKnownFileType = sourcecode.swift; path = UIView.swift; sourceTree = "<group>"; };
		64FD119E2447A05B002C4E02 /* UIImageView.swift */ = {isa = PBXFileReference; lastKnownFileType = sourcecode.swift; path = UIImageView.swift; sourceTree = "<group>"; };
		64FD11A12447A2B9002C4E02 /* SearchCell.swift */ = {isa = PBXFileReference; lastKnownFileType = sourcecode.swift; path = SearchCell.swift; sourceTree = "<group>"; };
		64FD11A32447A46C002C4E02 /* UILabel.swift */ = {isa = PBXFileReference; lastKnownFileType = sourcecode.swift; path = UILabel.swift; sourceTree = "<group>"; };
		67A3FD9615D746B52DEDF275 /* Pods_AppStoreClone.framework */ = {isa = PBXFileReference; explicitFileType = wrapper.framework; includeInIndex = 0; path = Pods_AppStoreClone.framework; sourceTree = BUILT_PRODUCTS_DIR; };
		6BCC6A28497E165CB129520F /* Pods_AppStoreCloneTests.framework */ = {isa = PBXFileReference; explicitFileType = wrapper.framework; includeInIndex = 0; path = Pods_AppStoreCloneTests.framework; sourceTree = BUILT_PRODUCTS_DIR; };
		75A888891FB0F435C6731CE9 /* Pods-AppStoreClone.debug.xcconfig */ = {isa = PBXFileReference; includeInIndex = 1; lastKnownFileType = text.xcconfig; name = "Pods-AppStoreClone.debug.xcconfig"; path = "Target Support Files/Pods-AppStoreClone/Pods-AppStoreClone.debug.xcconfig"; sourceTree = "<group>"; };
		8A7D411593F038AD82F91E35 /* Pods_AppStoreClone_AppStoreCloneUITests.framework */ = {isa = PBXFileReference; explicitFileType = wrapper.framework; includeInIndex = 0; path = Pods_AppStoreClone_AppStoreCloneUITests.framework; sourceTree = BUILT_PRODUCTS_DIR; };
		BA728928ADE3256D9EE1A2E5 /* Pods-AppStoreCloneTests.debug.xcconfig */ = {isa = PBXFileReference; includeInIndex = 1; lastKnownFileType = text.xcconfig; name = "Pods-AppStoreCloneTests.debug.xcconfig"; path = "Target Support Files/Pods-AppStoreCloneTests/Pods-AppStoreCloneTests.debug.xcconfig"; sourceTree = "<group>"; };
		BD4D67BA11D05666A7A0782D /* Pods-AppStoreCloneTests.release.xcconfig */ = {isa = PBXFileReference; includeInIndex = 1; lastKnownFileType = text.xcconfig; name = "Pods-AppStoreCloneTests.release.xcconfig"; path = "Target Support Files/Pods-AppStoreCloneTests/Pods-AppStoreCloneTests.release.xcconfig"; sourceTree = "<group>"; };
		DF900171001E6071921165B5 /* Pods-AppStoreClone.release.xcconfig */ = {isa = PBXFileReference; includeInIndex = 1; lastKnownFileType = text.xcconfig; name = "Pods-AppStoreClone.release.xcconfig"; path = "Target Support Files/Pods-AppStoreClone/Pods-AppStoreClone.release.xcconfig"; sourceTree = "<group>"; };
		E0E98E09F3B5765325472F07 /* Pods-AppStoreClone-AppStoreCloneUITests.release.xcconfig */ = {isa = PBXFileReference; includeInIndex = 1; lastKnownFileType = text.xcconfig; name = "Pods-AppStoreClone-AppStoreCloneUITests.release.xcconfig"; path = "Target Support Files/Pods-AppStoreClone-AppStoreCloneUITests/Pods-AppStoreClone-AppStoreCloneUITests.release.xcconfig"; sourceTree = "<group>"; };
/* End PBXFileReference section */

/* Begin PBXFrameworksBuildPhase section */
		64C55364244795A100DA89FA /* Frameworks */ = {
			isa = PBXFrameworksBuildPhase;
			buildActionMask = 2147483647;
			files = (
				6452C5F0213FEA1B64066C9F /* Pods_AppStoreClone.framework in Frameworks */,
			);
			runOnlyForDeploymentPostprocessing = 0;
		};
		64C5537A244795A500DA89FA /* Frameworks */ = {
			isa = PBXFrameworksBuildPhase;
			buildActionMask = 2147483647;
			files = (
				FE82F9BBA5442FABCD079D83 /* Pods_AppStoreCloneTests.framework in Frameworks */,
			);
			runOnlyForDeploymentPostprocessing = 0;
		};
		64C55385244795A500DA89FA /* Frameworks */ = {
			isa = PBXFrameworksBuildPhase;
			buildActionMask = 2147483647;
			files = (
				D53BEE036AAC54D17EA6EAF6 /* Pods_AppStoreClone_AppStoreCloneUITests.framework in Frameworks */,
			);
			runOnlyForDeploymentPostprocessing = 0;
		};
/* End PBXFrameworksBuildPhase section */

/* Begin PBXGroup section */
		1773AA2146A6D23F744E5223 /* Frameworks */ = {
			isa = PBXGroup;
			children = (
				67A3FD9615D746B52DEDF275 /* Pods_AppStoreClone.framework */,
				8A7D411593F038AD82F91E35 /* Pods_AppStoreClone_AppStoreCloneUITests.framework */,
				6BCC6A28497E165CB129520F /* Pods_AppStoreCloneTests.framework */,
			);
			name = Frameworks;
			sourceTree = "<group>";
		};
		1ADC8F7E6AD48AB622117B8B /* Pods */ = {
			isa = PBXGroup;
			children = (
				75A888891FB0F435C6731CE9 /* Pods-AppStoreClone.debug.xcconfig */,
				DF900171001E6071921165B5 /* Pods-AppStoreClone.release.xcconfig */,
				4E3D76BA953D077B2F77E777 /* Pods-AppStoreClone-AppStoreCloneUITests.debug.xcconfig */,
				E0E98E09F3B5765325472F07 /* Pods-AppStoreClone-AppStoreCloneUITests.release.xcconfig */,
				BA728928ADE3256D9EE1A2E5 /* Pods-AppStoreCloneTests.debug.xcconfig */,
				BD4D67BA11D05666A7A0782D /* Pods-AppStoreCloneTests.release.xcconfig */,
			);
			path = Pods;
			sourceTree = "<group>";
		};
		640A6489245A0F4B00463A3F /* AppByID */ = {
			isa = PBXGroup;
			children = (
				640A648A245A0F6400463A3F /* AppByIDService.swift */,
			);
			path = AppByID;
			sourceTree = "<group>";
		};
		640AA6542454B56B006885EC /* Today */ = {
			isa = PBXGroup;
			children = (
				640AA6552454B58C006885EC /* TodayViewController.swift */,
			);
			path = Today;
			sourceTree = "<group>";
		};
		6424EA752449F474006AFB5F /* Apps */ = {
			isa = PBXGroup;
			children = (
				6424EA762449F493006AFB5F /* AppsViewController.swift */,
				6451090C2451A1DB007F8C8D /* AppGroupsViewController.swift */,
				640AA6572454C2DB006885EC /* AppsDetail.swift */,
				64EE7DB724577E5B0090CC2A /* AppsDetailScreenshotViewController.swift */,
			);
			path = Apps;
			sourceTree = "<group>";
		};
		646479B1244FAA9300515EAB /* AppsGroup */ = {
			isa = PBXGroup;
			children = (
				643A950A245255850073D122 /* AppsGroupService.swift */,
			);
			path = AppsGroup;
			sourceTree = "<group>";
		};
		6468B87A244E091B00DBA875 /* Header */ = {
			isa = PBXGroup;
			children = (
				6468B87B244E0A2700DBA875 /* HeaderCollection.swift */,
				647EE03C244E2ED9004D2A37 /* AppHeaderCell.swift */,
			);
			path = Header;
			sourceTree = "<group>";
		};
		647EE03B244E2EC3004D2A37 /* Apps */ = {
			isa = PBXGroup;
			children = (
				646479B4244FABF000515EAB /* AppsGroupCell.swift */,
				6451090E2451A6CD007F8C8D /* AppsGroupEachCell.swift */,
				640AA6592454CA4B006885EC /* AppsDetailHeader.swift */,
				64EE7DB5245774690090CC2A /* AppsDescriiptionCell.swift */,
				64EE7DB924577FD40090CC2A /* AppsDetailScreenshotCell.swift */,
				64C52E5E2458BB810002935D /* AppCommentCell.swift */,
				64C52E602458C9830002935D /* CommentCell.swift */,
			);
			path = Apps;
			sourceTree = "<group>";
		};
		6483FB952448FAD500D3D374 /* Services */ = {
			isa = PBXGroup;
			children = (
				640A6489245A0F4B00463A3F /* AppByID */,
				646479B1244FAA9300515EAB /* AppsGroup */,
				64F879C8244F58410042BD25 /* App */,
				6483FB962448FAE700D3D374 /* Search */,
			);
			path = Services;
			sourceTree = "<group>";
		};
		6483FB962448FAE700D3D374 /* Search */ = {
			isa = PBXGroup;
			children = (
				6483FB972448FAFB00D3D374 /* SearchService.swift */,
			);
			path = Search;
			sourceTree = "<group>";
		};
		64C52E622458EE960002935D /* Delegates */ = {
			isa = PBXGroup;
			children = (
				64C52E632458EECF0002935D /* AppDetailDelegate.swift */,
			);
			path = Delegates;
			sourceTree = "<group>";
		};
		64C5535E244795A100DA89FA = {
			isa = PBXGroup;
			children = (
				64C55369244795A100DA89FA /* AppStoreClone */,
				64C55380244795A500DA89FA /* AppStoreCloneTests */,
				64C5538B244795A500DA89FA /* AppStoreCloneUITests */,
				64C55368244795A100DA89FA /* Products */,
				1ADC8F7E6AD48AB622117B8B /* Pods */,
				1773AA2146A6D23F744E5223 /* Frameworks */,
			);
			sourceTree = "<group>";
		};
		64C55368244795A100DA89FA /* Products */ = {
			isa = PBXGroup;
			children = (
				64C55367244795A100DA89FA /* AppStoreClone.app */,
				64C5537D244795A500DA89FA /* AppStoreCloneTests.xctest */,
				64C55388244795A500DA89FA /* AppStoreCloneUITests.xctest */,
			);
			name = Products;
			sourceTree = "<group>";
		};
		64C55369244795A100DA89FA /* AppStoreClone */ = {
			isa = PBXGroup;
			children = (
				64C52E622458EE960002935D /* Delegates */,
				6483FB952448FAD500D3D374 /* Services */,
				64FD119B24479FED002C4E02 /* Extensions   */,
				64FD119924479FD5002C4E02 /* Model */,
				64FD119A24479FDC002C4E02 /* View */,
				64C5539A244795BF00DA89FA /* Controller */,
				64C5536A244795A100DA89FA /* AppDelegate.swift */,
				64C5536C244795A100DA89FA /* SceneDelegate.swift */,
				64C55370244795A100DA89FA /* Main.storyboard */,
				64C55373244795A500DA89FA /* Assets.xcassets */,
				64C55375244795A500DA89FA /* LaunchScreen.storyboard */,
				64C55378244795A500DA89FA /* Info.plist */,
			);
			path = AppStoreClone;
			sourceTree = "<group>";
		};
		64C55380244795A500DA89FA /* AppStoreCloneTests */ = {
			isa = PBXGroup;
			children = (
				64C55381244795A500DA89FA /* AppStoreCloneTests.swift */,
				64C55383244795A500DA89FA /* Info.plist */,
			);
			path = AppStoreCloneTests;
			sourceTree = "<group>";
		};
		64C5538B244795A500DA89FA /* AppStoreCloneUITests */ = {
			isa = PBXGroup;
			children = (
				64C5538C244795A500DA89FA /* AppStoreCloneUITests.swift */,
				64C5538E244795A500DA89FA /* Info.plist */,
			);
			path = AppStoreCloneUITests;
			sourceTree = "<group>";
		};
		64C5539A244795BF00DA89FA /* Controller */ = {
			isa = PBXGroup;
			children = (
				640AA6542454B56B006885EC /* Today */,
				6424EA752449F474006AFB5F /* Apps */,
				64C5539D24479B1900DA89FA /* Search */,
				64C5539E24479B2900DA89FA /* TabBar */,
			);
			path = Controller;
			sourceTree = "<group>";
		};
		64C5539D24479B1900DA89FA /* Search */ = {
			isa = PBXGroup;
			children = (
				64C5539F24479B4500DA89FA /* SearchViewController.swift */,
			);
			path = Search;
			sourceTree = "<group>";
		};
		64C5539E24479B2900DA89FA /* TabBar */ = {
			isa = PBXGroup;
			children = (
				64C5539B244795DD00DA89FA /* BaseTabBarViewController.swift */,
			);
			path = TabBar;
			sourceTree = "<group>";
		};
		64F879C8244F58410042BD25 /* App */ = {
			isa = PBXGroup;
			children = (
				64F879C9244F58790042BD25 /* FeaturedApps.swift */,
			);
			path = App;
			sourceTree = "<group>";
		};
		64FD119924479FD5002C4E02 /* Model */ = {
			isa = PBXGroup;
			children = (
				6483FB992449169F00D3D374 /* AppModel.swift */,
				64F879CB244F59750042BD25 /* FeaturedAppsModel.swift */,
				640E03C4244FADCF0049BA25 /* AppsGroup.swift */,
				640A648E245A23E900463A3F /* AppCommentModel.swift */,
			);
			path = Model;
			sourceTree = "<group>";
		};
		64FD119A24479FDC002C4E02 /* View */ = {
			isa = PBXGroup;
			children = (
				647EE03B244E2EC3004D2A37 /* Apps */,
				6468B87A244E091B00DBA875 /* Header */,
				64FD11A02447A28D002C4E02 /* Search */,
			);
			path = View;
			sourceTree = "<group>";
		};
		64FD119B24479FED002C4E02 /* Extensions   */ = {
			isa = PBXGroup;
			children = (
				64FD119C2447A02F002C4E02 /* UIView.swift */,
				64FD119E2447A05B002C4E02 /* UIImageView.swift */,
				64FD11A32447A46C002C4E02 /* UILabel.swift */,
				647BB22B2447CA3200685348 /* UIGetButton.swift */,
				647BB22D2447CA9B00685348 /* UIColor.swift */,
			);
			path = "Extensions  ";
			sourceTree = "<group>";
		};
		64FD11A02447A28D002C4E02 /* Search */ = {
			isa = PBXGroup;
			children = (
				64FD11A12447A2B9002C4E02 /* SearchCell.swift */,
			);
			path = Search;
			sourceTree = "<group>";
		};
/* End PBXGroup section */

/* Begin PBXNativeTarget section */
		64C55366244795A100DA89FA /* AppStoreClone */ = {
			isa = PBXNativeTarget;
			buildConfigurationList = 64C55391244795A500DA89FA /* Build configuration list for PBXNativeTarget "AppStoreClone" */;
			buildPhases = (
				CAA3AF417FE50E03306D382B /* [CP] Check Pods Manifest.lock */,
				64C55363244795A100DA89FA /* Sources */,
				64C55364244795A100DA89FA /* Frameworks */,
				64C55365244795A100DA89FA /* Resources */,
				3A1E3405AA97310157AEB21A /* [CP] Embed Pods Frameworks */,
			);
			buildRules = (
			);
			dependencies = (
			);
			name = AppStoreClone;
			productName = AppStoreClone;
			productReference = 64C55367244795A100DA89FA /* AppStoreClone.app */;
			productType = "com.apple.product-type.application";
		};
		64C5537C244795A500DA89FA /* AppStoreCloneTests */ = {
			isa = PBXNativeTarget;
			buildConfigurationList = 64C55394244795A500DA89FA /* Build configuration list for PBXNativeTarget "AppStoreCloneTests" */;
			buildPhases = (
				90986F76BB437D3092DC6013 /* [CP] Check Pods Manifest.lock */,
				64C55379244795A500DA89FA /* Sources */,
				64C5537A244795A500DA89FA /* Frameworks */,
				64C5537B244795A500DA89FA /* Resources */,
			);
			buildRules = (
			);
			dependencies = (
				64C5537F244795A500DA89FA /* PBXTargetDependency */,
			);
			name = AppStoreCloneTests;
			productName = AppStoreCloneTests;
			productReference = 64C5537D244795A500DA89FA /* AppStoreCloneTests.xctest */;
			productType = "com.apple.product-type.bundle.unit-test";
		};
		64C55387244795A500DA89FA /* AppStoreCloneUITests */ = {
			isa = PBXNativeTarget;
			buildConfigurationList = 64C55397244795A500DA89FA /* Build configuration list for PBXNativeTarget "AppStoreCloneUITests" */;
			buildPhases = (
				2D40DDAA80B4A0198E0E571A /* [CP] Check Pods Manifest.lock */,
				64C55384244795A500DA89FA /* Sources */,
				64C55385244795A500DA89FA /* Frameworks */,
				64C55386244795A500DA89FA /* Resources */,
				EFAA615512396605B6B92206 /* [CP] Embed Pods Frameworks */,
			);
			buildRules = (
			);
			dependencies = (
				64C5538A244795A500DA89FA /* PBXTargetDependency */,
			);
			name = AppStoreCloneUITests;
			productName = AppStoreCloneUITests;
			productReference = 64C55388244795A500DA89FA /* AppStoreCloneUITests.xctest */;
			productType = "com.apple.product-type.bundle.ui-testing";
		};
/* End PBXNativeTarget section */

/* Begin PBXProject section */
		64C5535F244795A100DA89FA /* Project object */ = {
			isa = PBXProject;
			attributes = {
				LastSwiftUpdateCheck = 1140;
				LastUpgradeCheck = 1140;
				ORGANIZATIONNAME = mkilmer;
				TargetAttributes = {
					64C55366244795A100DA89FA = {
						CreatedOnToolsVersion = 11.4;
					};
					64C5537C244795A500DA89FA = {
						CreatedOnToolsVersion = 11.4;
						TestTargetID = 64C55366244795A100DA89FA;
					};
					64C55387244795A500DA89FA = {
						CreatedOnToolsVersion = 11.4;
						TestTargetID = 64C55366244795A100DA89FA;
					};
				};
			};
			buildConfigurationList = 64C55362244795A100DA89FA /* Build configuration list for PBXProject "AppStoreClone" */;
			compatibilityVersion = "Xcode 9.3";
			developmentRegion = en;
			hasScannedForEncodings = 0;
			knownRegions = (
				en,
				Base,
			);
			mainGroup = 64C5535E244795A100DA89FA;
			productRefGroup = 64C55368244795A100DA89FA /* Products */;
			projectDirPath = "";
			projectRoot = "";
			targets = (
				64C55366244795A100DA89FA /* AppStoreClone */,
				64C5537C244795A500DA89FA /* AppStoreCloneTests */,
				64C55387244795A500DA89FA /* AppStoreCloneUITests */,
			);
		};
/* End PBXProject section */

/* Begin PBXResourcesBuildPhase section */
		64C55365244795A100DA89FA /* Resources */ = {
			isa = PBXResourcesBuildPhase;
			buildActionMask = 2147483647;
			files = (
				64C55377244795A500DA89FA /* LaunchScreen.storyboard in Resources */,
				64C55374244795A500DA89FA /* Assets.xcassets in Resources */,
				64C55372244795A100DA89FA /* Main.storyboard in Resources */,
			);
			runOnlyForDeploymentPostprocessing = 0;
		};
		64C5537B244795A500DA89FA /* Resources */ = {
			isa = PBXResourcesBuildPhase;
			buildActionMask = 2147483647;
			files = (
			);
			runOnlyForDeploymentPostprocessing = 0;
		};
		64C55386244795A500DA89FA /* Resources */ = {
			isa = PBXResourcesBuildPhase;
			buildActionMask = 2147483647;
			files = (
			);
			runOnlyForDeploymentPostprocessing = 0;
		};
/* End PBXResourcesBuildPhase section */

/* Begin PBXShellScriptBuildPhase section */
		2D40DDAA80B4A0198E0E571A /* [CP] Check Pods Manifest.lock */ = {
			isa = PBXShellScriptBuildPhase;
			buildActionMask = 2147483647;
			files = (
			);
			inputFileListPaths = (
			);
			inputPaths = (
				"${PODS_PODFILE_DIR_PATH}/Podfile.lock",
				"${PODS_ROOT}/Manifest.lock",
			);
			name = "[CP] Check Pods Manifest.lock";
			outputFileListPaths = (
			);
			outputPaths = (
				"$(DERIVED_FILE_DIR)/Pods-AppStoreClone-AppStoreCloneUITests-checkManifestLockResult.txt",
			);
			runOnlyForDeploymentPostprocessing = 0;
			shellPath = /bin/sh;
			shellScript = "diff \"${PODS_PODFILE_DIR_PATH}/Podfile.lock\" \"${PODS_ROOT}/Manifest.lock\" > /dev/null\nif [ $? != 0 ] ; then\n    # print error to STDERR\n    echo \"error: The sandbox is not in sync with the Podfile.lock. Run 'pod install' or update your CocoaPods installation.\" >&2\n    exit 1\nfi\n# This output is used by Xcode 'outputs' to avoid re-running this script phase.\necho \"SUCCESS\" > \"${SCRIPT_OUTPUT_FILE_0}\"\n";
			showEnvVarsInLog = 0;
		};
		3A1E3405AA97310157AEB21A /* [CP] Embed Pods Frameworks */ = {
			isa = PBXShellScriptBuildPhase;
			buildActionMask = 2147483647;
			files = (
			);
			inputFileListPaths = (
				"${PODS_ROOT}/Target Support Files/Pods-AppStoreClone/Pods-AppStoreClone-frameworks-${CONFIGURATION}-input-files.xcfilelist",
			);
			name = "[CP] Embed Pods Frameworks";
			outputFileListPaths = (
				"${PODS_ROOT}/Target Support Files/Pods-AppStoreClone/Pods-AppStoreClone-frameworks-${CONFIGURATION}-output-files.xcfilelist",
			);
			runOnlyForDeploymentPostprocessing = 0;
			shellPath = /bin/sh;
			shellScript = "\"${PODS_ROOT}/Target Support Files/Pods-AppStoreClone/Pods-AppStoreClone-frameworks.sh\"\n";
			showEnvVarsInLog = 0;
		};
		90986F76BB437D3092DC6013 /* [CP] Check Pods Manifest.lock */ = {
			isa = PBXShellScriptBuildPhase;
			buildActionMask = 2147483647;
			files = (
			);
			inputFileListPaths = (
			);
			inputPaths = (
				"${PODS_PODFILE_DIR_PATH}/Podfile.lock",
				"${PODS_ROOT}/Manifest.lock",
			);
			name = "[CP] Check Pods Manifest.lock";
			outputFileListPaths = (
			);
			outputPaths = (
				"$(DERIVED_FILE_DIR)/Pods-AppStoreCloneTests-checkManifestLockResult.txt",
			);
			runOnlyForDeploymentPostprocessing = 0;
			shellPath = /bin/sh;
			shellScript = "diff \"${PODS_PODFILE_DIR_PATH}/Podfile.lock\" \"${PODS_ROOT}/Manifest.lock\" > /dev/null\nif [ $? != 0 ] ; then\n    # print error to STDERR\n    echo \"error: The sandbox is not in sync with the Podfile.lock. Run 'pod install' or update your CocoaPods installation.\" >&2\n    exit 1\nfi\n# This output is used by Xcode 'outputs' to avoid re-running this script phase.\necho \"SUCCESS\" > \"${SCRIPT_OUTPUT_FILE_0}\"\n";
			showEnvVarsInLog = 0;
		};
		CAA3AF417FE50E03306D382B /* [CP] Check Pods Manifest.lock */ = {
			isa = PBXShellScriptBuildPhase;
			buildActionMask = 2147483647;
			files = (
			);
			inputFileListPaths = (
			);
			inputPaths = (
				"${PODS_PODFILE_DIR_PATH}/Podfile.lock",
				"${PODS_ROOT}/Manifest.lock",
			);
			name = "[CP] Check Pods Manifest.lock";
			outputFileListPaths = (
			);
			outputPaths = (
				"$(DERIVED_FILE_DIR)/Pods-AppStoreClone-checkManifestLockResult.txt",
			);
			runOnlyForDeploymentPostprocessing = 0;
			shellPath = /bin/sh;
			shellScript = "diff \"${PODS_PODFILE_DIR_PATH}/Podfile.lock\" \"${PODS_ROOT}/Manifest.lock\" > /dev/null\nif [ $? != 0 ] ; then\n    # print error to STDERR\n    echo \"error: The sandbox is not in sync with the Podfile.lock. Run 'pod install' or update your CocoaPods installation.\" >&2\n    exit 1\nfi\n# This output is used by Xcode 'outputs' to avoid re-running this script phase.\necho \"SUCCESS\" > \"${SCRIPT_OUTPUT_FILE_0}\"\n";
			showEnvVarsInLog = 0;
		};
		EFAA615512396605B6B92206 /* [CP] Embed Pods Frameworks */ = {
			isa = PBXShellScriptBuildPhase;
			buildActionMask = 2147483647;
			files = (
			);
			inputFileListPaths = (
				"${PODS_ROOT}/Target Support Files/Pods-AppStoreClone-AppStoreCloneUITests/Pods-AppStoreClone-AppStoreCloneUITests-frameworks-${CONFIGURATION}-input-files.xcfilelist",
			);
			name = "[CP] Embed Pods Frameworks";
			outputFileListPaths = (
				"${PODS_ROOT}/Target Support Files/Pods-AppStoreClone-AppStoreCloneUITests/Pods-AppStoreClone-AppStoreCloneUITests-frameworks-${CONFIGURATION}-output-files.xcfilelist",
			);
			runOnlyForDeploymentPostprocessing = 0;
			shellPath = /bin/sh;
			shellScript = "\"${PODS_ROOT}/Target Support Files/Pods-AppStoreClone-AppStoreCloneUITests/Pods-AppStoreClone-AppStoreCloneUITests-frameworks.sh\"\n";
			showEnvVarsInLog = 0;
		};
/* End PBXShellScriptBuildPhase section */

/* Begin PBXSourcesBuildPhase section */
		64C55363244795A100DA89FA /* Sources */ = {
			isa = PBXSourcesBuildPhase;
			buildActionMask = 2147483647;
			files = (
				64FD119D2447A02F002C4E02 /* UIView.swift in Sources */,
				640A648F245A23E900463A3F /* AppCommentModel.swift in Sources */,
				64C52E5F2458BB810002935D /* AppCommentCell.swift in Sources */,
				64F879CA244F58790042BD25 /* FeaturedApps.swift in Sources */,
				64C5536B244795A100DA89FA /* AppDelegate.swift in Sources */,
				6468B87C244E0A2700DBA875 /* HeaderCollection.swift in Sources */,
				64C52E612458C9830002935D /* CommentCell.swift in Sources */,
				64C5536D244795A100DA89FA /* SceneDelegate.swift in Sources */,
				643A950B245255850073D122 /* AppsGroupService.swift in Sources */,
				64EE7DB6245774690090CC2A /* AppsDescriiptionCell.swift in Sources */,
				640A648B245A0F6400463A3F /* AppByIDService.swift in Sources */,
				646479B5244FABF000515EAB /* AppsGroupCell.swift in Sources */,
				6483FB982448FAFB00D3D374 /* SearchService.swift in Sources */,
				640E03C5244FADCF0049BA25 /* AppsGroup.swift in Sources */,
				6424EA772449F493006AFB5F /* AppsViewController.swift in Sources */,
				64EE7DB824577E5B0090CC2A /* AppsDetailScreenshotViewController.swift in Sources */,
				64FD11A22447A2B9002C4E02 /* SearchCell.swift in Sources */,
				64C553A024479B4500DA89FA /* SearchViewController.swift in Sources */,
				640AA6562454B58C006885EC /* TodayViewController.swift in Sources */,
				6451090F2451A6CD007F8C8D /* AppsGroupEachCell.swift in Sources */,
				64FD119F2447A05B002C4E02 /* UIImageView.swift in Sources */,
				6451090D2451A1DB007F8C8D /* AppGroupsViewController.swift in Sources */,
				6483FB9A2449169F00D3D374 /* AppModel.swift in Sources */,
				647BB22C2447CA3200685348 /* UIGetButton.swift in Sources */,
				640AA6582454C2DB006885EC /* AppsDetail.swift in Sources */,
				64F879CC244F59750042BD25 /* FeaturedAppsModel.swift in Sources */,
				64FD11A42447A46C002C4E02 /* UILabel.swift in Sources */,
				64C52E642458EECF0002935D /* AppDetailDelegate.swift in Sources */,
				640AA65A2454CA4B006885EC /* AppsDetailHeader.swift in Sources */,
				647EE03D244E2EDA004D2A37 /* AppHeaderCell.swift in Sources */,
				64C5539C244795DD00DA89FA /* BaseTabBarViewController.swift in Sources */,
				64EE7DBA24577FD40090CC2A /* AppsDetailScreenshotCell.swift in Sources */,
				647BB22E2447CA9B00685348 /* UIColor.swift in Sources */,
			);
			runOnlyForDeploymentPostprocessing = 0;
		};
		64C55379244795A500DA89FA /* Sources */ = {
			isa = PBXSourcesBuildPhase;
			buildActionMask = 2147483647;
			files = (
				64C55382244795A500DA89FA /* AppStoreCloneTests.swift in Sources */,
			);
			runOnlyForDeploymentPostprocessing = 0;
		};
		64C55384244795A500DA89FA /* Sources */ = {
			isa = PBXSourcesBuildPhase;
			buildActionMask = 2147483647;
			files = (
				64C5538D244795A500DA89FA /* AppStoreCloneUITests.swift in Sources */,
			);
			runOnlyForDeploymentPostprocessing = 0;
		};
/* End PBXSourcesBuildPhase section */

/* Begin PBXTargetDependency section */
		64C5537F244795A500DA89FA /* PBXTargetDependency */ = {
			isa = PBXTargetDependency;
			target = 64C55366244795A100DA89FA /* AppStoreClone */;
			targetProxy = 64C5537E244795A500DA89FA /* PBXContainerItemProxy */;
		};
		64C5538A244795A500DA89FA /* PBXTargetDependency */ = {
			isa = PBXTargetDependency;
			target = 64C55366244795A100DA89FA /* AppStoreClone */;
			targetProxy = 64C55389244795A500DA89FA /* PBXContainerItemProxy */;
		};
/* End PBXTargetDependency section */

/* Begin PBXVariantGroup section */
		64C55370244795A100DA89FA /* Main.storyboard */ = {
			isa = PBXVariantGroup;
			children = (
				64C55371244795A100DA89FA /* Base */,
			);
			name = Main.storyboard;
			sourceTree = "<group>";
		};
		64C55375244795A500DA89FA /* LaunchScreen.storyboard */ = {
			isa = PBXVariantGroup;
			children = (
				64C55376244795A500DA89FA /* Base */,
			);
			name = LaunchScreen.storyboard;
			sourceTree = "<group>";
		};
/* End PBXVariantGroup section */

/* Begin XCBuildConfiguration section */
		64C5538F244795A500DA89FA /* Debug */ = {
			isa = XCBuildConfiguration;
			buildSettings = {
				ALWAYS_SEARCH_USER_PATHS = NO;
				CLANG_ANALYZER_NONNULL = YES;
				CLANG_ANALYZER_NUMBER_OBJECT_CONVERSION = YES_AGGRESSIVE;
				CLANG_CXX_LANGUAGE_STANDARD = "gnu++14";
				CLANG_CXX_LIBRARY = "libc++";
				CLANG_ENABLE_MODULES = YES;
				CLANG_ENABLE_OBJC_ARC = YES;
				CLANG_ENABLE_OBJC_WEAK = YES;
				CLANG_WARN_BLOCK_CAPTURE_AUTORELEASING = YES;
				CLANG_WARN_BOOL_CONVERSION = YES;
				CLANG_WARN_COMMA = YES;
				CLANG_WARN_CONSTANT_CONVERSION = YES;
				CLANG_WARN_DEPRECATED_OBJC_IMPLEMENTATIONS = YES;
				CLANG_WARN_DIRECT_OBJC_ISA_USAGE = YES_ERROR;
				CLANG_WARN_DOCUMENTATION_COMMENTS = YES;
				CLANG_WARN_EMPTY_BODY = YES;
				CLANG_WARN_ENUM_CONVERSION = YES;
				CLANG_WARN_INFINITE_RECURSION = YES;
				CLANG_WARN_INT_CONVERSION = YES;
				CLANG_WARN_NON_LITERAL_NULL_CONVERSION = YES;
				CLANG_WARN_OBJC_IMPLICIT_RETAIN_SELF = YES;
				CLANG_WARN_OBJC_LITERAL_CONVERSION = YES;
				CLANG_WARN_OBJC_ROOT_CLASS = YES_ERROR;
				CLANG_WARN_RANGE_LOOP_ANALYSIS = YES;
				CLANG_WARN_STRICT_PROTOTYPES = YES;
				CLANG_WARN_SUSPICIOUS_MOVE = YES;
				CLANG_WARN_UNGUARDED_AVAILABILITY = YES_AGGRESSIVE;
				CLANG_WARN_UNREACHABLE_CODE = YES;
				CLANG_WARN__DUPLICATE_METHOD_MATCH = YES;
				COPY_PHASE_STRIP = NO;
				DEBUG_INFORMATION_FORMAT = dwarf;
				ENABLE_STRICT_OBJC_MSGSEND = YES;
				ENABLE_TESTABILITY = YES;
				GCC_C_LANGUAGE_STANDARD = gnu11;
				GCC_DYNAMIC_NO_PIC = NO;
				GCC_NO_COMMON_BLOCKS = YES;
				GCC_OPTIMIZATION_LEVEL = 0;
				GCC_PREPROCESSOR_DEFINITIONS = (
					"DEBUG=1",
					"$(inherited)",
				);
				GCC_WARN_64_TO_32_BIT_CONVERSION = YES;
				GCC_WARN_ABOUT_RETURN_TYPE = YES_ERROR;
				GCC_WARN_UNDECLARED_SELECTOR = YES;
				GCC_WARN_UNINITIALIZED_AUTOS = YES_AGGRESSIVE;
				GCC_WARN_UNUSED_FUNCTION = YES;
				GCC_WARN_UNUSED_VARIABLE = YES;
				IPHONEOS_DEPLOYMENT_TARGET = 13.4;
				MTL_ENABLE_DEBUG_INFO = INCLUDE_SOURCE;
				MTL_FAST_MATH = YES;
				ONLY_ACTIVE_ARCH = YES;
				SDKROOT = iphoneos;
				SWIFT_ACTIVE_COMPILATION_CONDITIONS = DEBUG;
				SWIFT_OPTIMIZATION_LEVEL = "-Onone";
			};
			name = Debug;
		};
		64C55390244795A500DA89FA /* Release */ = {
			isa = XCBuildConfiguration;
			buildSettings = {
				ALWAYS_SEARCH_USER_PATHS = NO;
				CLANG_ANALYZER_NONNULL = YES;
				CLANG_ANALYZER_NUMBER_OBJECT_CONVERSION = YES_AGGRESSIVE;
				CLANG_CXX_LANGUAGE_STANDARD = "gnu++14";
				CLANG_CXX_LIBRARY = "libc++";
				CLANG_ENABLE_MODULES = YES;
				CLANG_ENABLE_OBJC_ARC = YES;
				CLANG_ENABLE_OBJC_WEAK = YES;
				CLANG_WARN_BLOCK_CAPTURE_AUTORELEASING = YES;
				CLANG_WARN_BOOL_CONVERSION = YES;
				CLANG_WARN_COMMA = YES;
				CLANG_WARN_CONSTANT_CONVERSION = YES;
				CLANG_WARN_DEPRECATED_OBJC_IMPLEMENTATIONS = YES;
				CLANG_WARN_DIRECT_OBJC_ISA_USAGE = YES_ERROR;
				CLANG_WARN_DOCUMENTATION_COMMENTS = YES;
				CLANG_WARN_EMPTY_BODY = YES;
				CLANG_WARN_ENUM_CONVERSION = YES;
				CLANG_WARN_INFINITE_RECURSION = YES;
				CLANG_WARN_INT_CONVERSION = YES;
				CLANG_WARN_NON_LITERAL_NULL_CONVERSION = YES;
				CLANG_WARN_OBJC_IMPLICIT_RETAIN_SELF = YES;
				CLANG_WARN_OBJC_LITERAL_CONVERSION = YES;
				CLANG_WARN_OBJC_ROOT_CLASS = YES_ERROR;
				CLANG_WARN_RANGE_LOOP_ANALYSIS = YES;
				CLANG_WARN_STRICT_PROTOTYPES = YES;
				CLANG_WARN_SUSPICIOUS_MOVE = YES;
				CLANG_WARN_UNGUARDED_AVAILABILITY = YES_AGGRESSIVE;
				CLANG_WARN_UNREACHABLE_CODE = YES;
				CLANG_WARN__DUPLICATE_METHOD_MATCH = YES;
				COPY_PHASE_STRIP = NO;
				DEBUG_INFORMATION_FORMAT = "dwarf-with-dsym";
				ENABLE_NS_ASSERTIONS = NO;
				ENABLE_STRICT_OBJC_MSGSEND = YES;
				GCC_C_LANGUAGE_STANDARD = gnu11;
				GCC_NO_COMMON_BLOCKS = YES;
				GCC_WARN_64_TO_32_BIT_CONVERSION = YES;
				GCC_WARN_ABOUT_RETURN_TYPE = YES_ERROR;
				GCC_WARN_UNDECLARED_SELECTOR = YES;
				GCC_WARN_UNINITIALIZED_AUTOS = YES_AGGRESSIVE;
				GCC_WARN_UNUSED_FUNCTION = YES;
				GCC_WARN_UNUSED_VARIABLE = YES;
				IPHONEOS_DEPLOYMENT_TARGET = 13.4;
				MTL_ENABLE_DEBUG_INFO = NO;
				MTL_FAST_MATH = YES;
				SDKROOT = iphoneos;
				SWIFT_COMPILATION_MODE = wholemodule;
				SWIFT_OPTIMIZATION_LEVEL = "-O";
				VALIDATE_PRODUCT = YES;
			};
			name = Release;
		};
		64C55392244795A500DA89FA /* Debug */ = {
			isa = XCBuildConfiguration;
			baseConfigurationReference = 75A888891FB0F435C6731CE9 /* Pods-AppStoreClone.debug.xcconfig */;
			buildSettings = {
				ASSETCATALOG_COMPILER_APPICON_NAME = AppIcon;
				CODE_SIGN_STYLE = Automatic;
				DEVELOPMENT_TEAM = JA3K44V4L9;
				INFOPLIST_FILE = AppStoreClone/Info.plist;
				IPHONEOS_DEPLOYMENT_TARGET = 13.1;
				LD_RUNPATH_SEARCH_PATHS = (
					"$(inherited)",
					"@executable_path/Frameworks",
				);
				PRODUCT_BUNDLE_IDENTIFIER = br.com.mkilmer.AppStoreClone;
				PRODUCT_NAME = "$(TARGET_NAME)";
				SWIFT_VERSION = 5.0;
				TARGETED_DEVICE_FAMILY = "1,2";
			};
			name = Debug;
		};
		64C55393244795A500DA89FA /* Release */ = {
			isa = XCBuildConfiguration;
			baseConfigurationReference = DF900171001E6071921165B5 /* Pods-AppStoreClone.release.xcconfig */;
			buildSettings = {
				ASSETCATALOG_COMPILER_APPICON_NAME = AppIcon;
				CODE_SIGN_STYLE = Automatic;
				DEVELOPMENT_TEAM = JA3K44V4L9;
				INFOPLIST_FILE = AppStoreClone/Info.plist;
				IPHONEOS_DEPLOYMENT_TARGET = 13.1;
				LD_RUNPATH_SEARCH_PATHS = (
					"$(inherited)",
					"@executable_path/Frameworks",
				);
				PRODUCT_BUNDLE_IDENTIFIER = br.com.mkilmer.AppStoreClone;
				PRODUCT_NAME = "$(TARGET_NAME)";
				SWIFT_VERSION = 5.0;
				TARGETED_DEVICE_FAMILY = "1,2";
			};
			name = Release;
		};
		64C55395244795A500DA89FA /* Debug */ = {
			isa = XCBuildConfiguration;
			baseConfigurationReference = BA728928ADE3256D9EE1A2E5 /* Pods-AppStoreCloneTests.debug.xcconfig */;
			buildSettings = {
				ALWAYS_EMBED_SWIFT_STANDARD_LIBRARIES = YES;
				BUNDLE_LOADER = "$(TEST_HOST)";
				CODE_SIGN_STYLE = Automatic;
				INFOPLIST_FILE = AppStoreCloneTests/Info.plist;
				IPHONEOS_DEPLOYMENT_TARGET = 13.4;
				LD_RUNPATH_SEARCH_PATHS = (
					"$(inherited)",
					"@executable_path/Frameworks",
					"@loader_path/Frameworks",
				);
				PRODUCT_BUNDLE_IDENTIFIER = br.com.mkilmer.AppStoreCloneTests;
				PRODUCT_NAME = "$(TARGET_NAME)";
				SWIFT_VERSION = 5.0;
				TARGETED_DEVICE_FAMILY = "1,2";
				TEST_HOST = "$(BUILT_PRODUCTS_DIR)/AppStoreClone.app/AppStoreClone";
			};
			name = Debug;
		};
		64C55396244795A500DA89FA /* Release */ = {
			isa = XCBuildConfiguration;
			baseConfigurationReference = BD4D67BA11D05666A7A0782D /* Pods-AppStoreCloneTests.release.xcconfig */;
			buildSettings = {
				ALWAYS_EMBED_SWIFT_STANDARD_LIBRARIES = YES;
				BUNDLE_LOADER = "$(TEST_HOST)";
				CODE_SIGN_STYLE = Automatic;
				INFOPLIST_FILE = AppStoreCloneTests/Info.plist;
				IPHONEOS_DEPLOYMENT_TARGET = 13.4;
				LD_RUNPATH_SEARCH_PATHS = (
					"$(inherited)",
					"@executable_path/Frameworks",
					"@loader_path/Frameworks",
				);
				PRODUCT_BUNDLE_IDENTIFIER = br.com.mkilmer.AppStoreCloneTests;
				PRODUCT_NAME = "$(TARGET_NAME)";
				SWIFT_VERSION = 5.0;
				TARGETED_DEVICE_FAMILY = "1,2";
				TEST_HOST = "$(BUILT_PRODUCTS_DIR)/AppStoreClone.app/AppStoreClone";
			};
			name = Release;
		};
		64C55398244795A500DA89FA /* Debug */ = {
			isa = XCBuildConfiguration;
			baseConfigurationReference = 4E3D76BA953D077B2F77E777 /* Pods-AppStoreClone-AppStoreCloneUITests.debug.xcconfig */;
			buildSettings = {
				ALWAYS_EMBED_SWIFT_STANDARD_LIBRARIES = YES;
				CODE_SIGN_STYLE = Automatic;
				INFOPLIST_FILE = AppStoreCloneUITests/Info.plist;
				LD_RUNPATH_SEARCH_PATHS = (
					"$(inherited)",
					"@executable_path/Frameworks",
					"@loader_path/Frameworks",
				);
				PRODUCT_BUNDLE_IDENTIFIER = br.com.mkilmer.AppStoreCloneUITests;
				PRODUCT_NAME = "$(TARGET_NAME)";
				SWIFT_VERSION = 5.0;
				TARGETED_DEVICE_FAMILY = "1,2";
				TEST_TARGET_NAME = AppStoreClone;
			};
			name = Debug;
		};
		64C55399244795A500DA89FA /* Release */ = {
			isa = XCBuildConfiguration;
			baseConfigurationReference = E0E98E09F3B5765325472F07 /* Pods-AppStoreClone-AppStoreCloneUITests.release.xcconfig */;
			buildSettings = {
				ALWAYS_EMBED_SWIFT_STANDARD_LIBRARIES = YES;
				CODE_SIGN_STYLE = Automatic;
				INFOPLIST_FILE = AppStoreCloneUITests/Info.plist;
				LD_RUNPATH_SEARCH_PATHS = (
					"$(inherited)",
					"@executable_path/Frameworks",
					"@loader_path/Frameworks",
				);
				PRODUCT_BUNDLE_IDENTIFIER = br.com.mkilmer.AppStoreCloneUITests;
				PRODUCT_NAME = "$(TARGET_NAME)";
				SWIFT_VERSION = 5.0;
				TARGETED_DEVICE_FAMILY = "1,2";
				TEST_TARGET_NAME = AppStoreClone;
			};
			name = Release;
		};
/* End XCBuildConfiguration section */

/* Begin XCConfigurationList section */
		64C55362244795A100DA89FA /* Build configuration list for PBXProject "AppStoreClone" */ = {
			isa = XCConfigurationList;
			buildConfigurations = (
				64C5538F244795A500DA89FA /* Debug */,
				64C55390244795A500DA89FA /* Release */,
			);
			defaultConfigurationIsVisible = 0;
			defaultConfigurationName = Release;
		};
		64C55391244795A500DA89FA /* Build configuration list for PBXNativeTarget "AppStoreClone" */ = {
			isa = XCConfigurationList;
			buildConfigurations = (
				64C55392244795A500DA89FA /* Debug */,
				64C55393244795A500DA89FA /* Release */,
			);
			defaultConfigurationIsVisible = 0;
			defaultConfigurationName = Release;
		};
		64C55394244795A500DA89FA /* Build configuration list for PBXNativeTarget "AppStoreCloneTests" */ = {
			isa = XCConfigurationList;
			buildConfigurations = (
				64C55395244795A500DA89FA /* Debug */,
				64C55396244795A500DA89FA /* Release */,
			);
			defaultConfigurationIsVisible = 0;
			defaultConfigurationName = Release;
		};
		64C55397244795A500DA89FA /* Build configuration list for PBXNativeTarget "AppStoreCloneUITests" */ = {
			isa = XCConfigurationList;
			buildConfigurations = (
				64C55398244795A500DA89FA /* Debug */,
				64C55399244795A500DA89FA /* Release */,
			);
			defaultConfigurationIsVisible = 0;
			defaultConfigurationName = Release;
		};
/* End XCConfigurationList section */
	};
	rootObject = 64C5535F244795A100DA89FA /* Project object */;
}
